PODS:
  - Alamofire (5.2.2)
  - AlamofireImage (4.1.0):
    - Alamofire (~> 5.1)
  - OHCubeView (1.1.0)
  - SVProgressHUD (2.2.5)

DEPENDENCIES:
  - Alamofire
  - AlamofireImage
  - OHCubeView (from `https://github.com/tomascern/ohcubeview.git`)
  - SVProgressHUD (~> 2.2)

SPEC REPOS:
  trunk:
    - Alamofire
    - AlamofireImage
    - SVProgressHUD

EXTERNAL SOURCES:
  OHCubeView:
    :git: https://github.com/tomascern/ohcubeview.git

CHECKOUT OPTIONS:
  OHCubeView:
    :commit: 997c6e6fdd0a02114fc07d1d43b434d7a23b5a3b
    :git: https://github.com/tomascern/ohcubeview.git

SPEC CHECKSUMS:
  Alamofire: 814429acc853c6c54ff123fc3d2ef66803823ce0
  AlamofireImage: c4a2ba349885fb3064feb74d2e547bd42ce9be10
  OHCubeView: 6c519cfa30bc4dbc20f47032d290cfef5e019b9b
  SVProgressHUD: 1428aafac632c1f86f62aa4243ec12008d7a51d6

PODFILE CHECKSUM: 8f37c9d439cc53205bd54a8fbf78cd741f97b836

COCOAPODS: 1.9.3
